
Microsoft Visual Studio Solution File, Format Version 12.00
# Visual Studio Version 17
VisualStudioVersion = 17.11.35327.3
MinimumVisualStudioVersion = 10.0.40219.1
Project("{9A19103F-16F7-4668-BE54-9A1E7A4F7556}") = "ContactManagementService", "ContactManagementService.csproj", "{95689B94-755B-4924-9F11-E23DCF696C92}"
EndProject
Project("{9A19103F-16F7-4668-BE54-9A1E7A4F7556}") = "ContactServiceLayer", "..\ContactDetailsSeviceLayer\ContactServiceLayer.csproj", "{BCC38F8B-111C-4B4E-9200-AEAF84FBBFD3}"
EndProject
Project("{9A19103F-16F7-4668-BE54-9A1E7A4F7556}") = "ContactDataAccessLayer", "..\ContactDetailsDataAccessLayer\ContactDataAccessLayer.csproj", "{DD249C17-23E5-48A6-87F3-64B1BE54EDEA}"
EndProject
Project("{9A19103F-16F7-4668-BE54-9A1E7A4F7556}") = "ContactBusinessLayer", "..\ContactDetailsBusinessLayer\ContactBusinessLayer.csproj", "{9D38B9A8-C06E-4740-8AB9-F7ED4FD219B4}"
EndProject
Global
	GlobalSection(SolutionConfigurationPlatforms) = preSolution
		Debug|Any CPU = Debug|Any CPU
		Release|Any CPU = Release|Any CPU
	EndGlobalSection
	GlobalSection(ProjectConfigurationPlatforms) = postSolution
		{95689B94-755B-4924-9F11-E23DCF696C92}.Debug|Any CPU.ActiveCfg = Debug|Any CPU
		{95689B94-755B-4924-9F11-E23DCF696C92}.Debug|Any CPU.Build.0 = Debug|Any CPU
		{95689B94-755B-4924-9F11-E23DCF696C92}.Release|Any CPU.ActiveCfg = Release|Any CPU
		{95689B94-755B-4924-9F11-E23DCF696C92}.Release|Any CPU.Build.0 = Release|Any CPU
		{BCC38F8B-111C-4B4E-9200-AEAF84FBBFD3}.Debug|Any CPU.ActiveCfg = Debug|Any CPU
		{BCC38F8B-111C-4B4E-9200-AEAF84FBBFD3}.Debug|Any CPU.Build.0 = Debug|Any CPU
		{BCC38F8B-111C-4B4E-9200-AEAF84FBBFD3}.Release|Any CPU.ActiveCfg = Release|Any CPU
		{BCC38F8B-111C-4B4E-9200-AEAF84FBBFD3}.Release|Any CPU.Build.0 = Release|Any CPU
		{DD249C17-23E5-48A6-87F3-64B1BE54EDEA}.Debug|Any CPU.ActiveCfg = Debug|Any CPU
		{DD249C17-23E5-48A6-87F3-64B1BE54EDEA}.Debug|Any CPU.Build.0 = Debug|Any CPU
		{DD249C17-23E5-48A6-87F3-64B1BE54EDEA}.Release|Any CPU.ActiveCfg = Release|Any CPU
		{DD249C17-23E5-48A6-87F3-64B1BE54EDEA}.Release|Any CPU.Build.0 = Release|Any CPU
		{9D38B9A8-C06E-4740-8AB9-F7ED4FD219B4}.Debug|Any CPU.ActiveCfg = Debug|Any CPU
		{9D38B9A8-C06E-4740-8AB9-F7ED4FD219B4}.Debug|Any CPU.Build.0 = Debug|Any CPU
		{9D38B9A8-C06E-4740-8AB9-F7ED4FD219B4}.Release|Any CPU.ActiveCfg = Release|Any CPU
		{9D38B9A8-C06E-4740-8AB9-F7ED4FD219B4}.Release|Any CPU.Build.0 = Release|Any CPU
	EndGlobalSection
	GlobalSection(SolutionProperties) = preSolution
		HideSolutionNode = FALSE
	EndGlobalSection
	GlobalSection(ExtensibilityGlobals) = postSolution
		SolutionGuid = {53E9D697-3AAA-4825-864E-1A5D906AA304}
	EndGlobalSection
EndGlobal
